// !$*UTF8*$!
{
	archiveVersion = 1;
	classes = {
	};
	objectVersion = 46;
	objects = {

/* Begin PBXBuildFile section */
		650F9F631DCDE023005700A2 /* AppDelegate.swift in Sources */ = {isa = PBXBuildFile; fileRef = 650F9F621DCDE023005700A2 /* AppDelegate.swift */; };
		650F9F651DCDE023005700A2 /* ViewController.swift in Sources */ = {isa = PBXBuildFile; fileRef = 650F9F641DCDE023005700A2 /* ViewController.swift */; };
		650F9F681DCDE023005700A2 /* Main.storyboard in Resources */ = {isa = PBXBuildFile; fileRef = 650F9F661DCDE023005700A2 /* Main.storyboard */; };
		650F9F6A1DCDE023005700A2 /* Assets.xcassets in Resources */ = {isa = PBXBuildFile; fileRef = 650F9F691DCDE023005700A2 /* Assets.xcassets */; };
		650F9F6D1DCDE024005700A2 /* LaunchScreen.storyboard in Resources */ = {isa = PBXBuildFile; fileRef = 650F9F6B1DCDE024005700A2 /* LaunchScreen.storyboard */; };
		650F9F781DCDE024005700A2 /* DiscoverTests.swift in Sources */ = {isa = PBXBuildFile; fileRef = 650F9F771DCDE024005700A2 /* DiscoverTests.swift */; };
		650F9F831DCDE024005700A2 /* DiscoverUITests.swift in Sources */ = {isa = PBXBuildFile; fileRef = 650F9F821DCDE024005700A2 /* DiscoverUITests.swift */; };
/* End PBXBuildFile section */

/* Begin PBXContainerItemProxy section */
		650F9F741DCDE024005700A2 /* PBXContainerItemProxy */ = {
			isa = PBXContainerItemProxy;
			containerPortal = 650F9F571DCDE023005700A2 /* Project object */;
			proxyType = 1;
			remoteGlobalIDString = 650F9F5E1DCDE023005700A2;
			remoteInfo = Discover;
		};
		650F9F7F1DCDE024005700A2 /* PBXContainerItemProxy */ = {
			isa = PBXContainerItemProxy;
			containerPortal = 650F9F571DCDE023005700A2 /* Project object */;
			proxyType = 1;
			remoteGlobalIDString = 650F9F5E1DCDE023005700A2;
			remoteInfo = Discover;
		};
/* End PBXContainerItemProxy section */

/* Begin PBXFileReference section */
		650F9F5F1DCDE023005700A2 /* Discover.app */ = {isa = PBXFileReference; explicitFileType = wrapper.application; includeInIndex = 0; path = Discover.app; sourceTree = BUILT_PRODUCTS_DIR; };
		650F9F621DCDE023005700A2 /* AppDelegate.swift */ = {isa = PBXFileReference; lastKnownFileType = sourcecode.swift; path = AppDelegate.swift; sourceTree = "<group>"; };
		650F9F641DCDE023005700A2 /* ViewController.swift */ = {isa = PBXFileReference; lastKnownFileType = sourcecode.swift; path = ViewController.swift; sourceTree = "<group>"; };
		650F9F671DCDE023005700A2 /* Base */ = {isa = PBXFileReference; lastKnownFileType = file.storyboard; name = Base; path = Base.lproj/Main.storyboard; sourceTree = "<group>"; };
		650F9F691DCDE023005700A2 /* Assets.xcassets */ = {isa = PBXFileReference; lastKnownFileType = folder.assetcatalog; path = Assets.xcassets; sourceTree = "<group>"; };
		650F9F6C1DCDE024005700A2 /* Base */ = {isa = PBXFileReference; lastKnownFileType = file.storyboard; name = Base; path = Base.lproj/LaunchScreen.storyboard; sourceTree = "<group>"; };
		650F9F6E1DCDE024005700A2 /* Info.plist */ = {isa = PBXFileReference; lastKnownFileType = text.plist.xml; path = Info.plist; sourceTree = "<group>"; };
		650F9F731DCDE024005700A2 /* DiscoverTests.xctest */ = {isa = PBXFileReference; explicitFileType = wrapper.cfbundle; includeInIndex = 0; path = DiscoverTests.xctest; sourceTree = BUILT_PRODUCTS_DIR; };
		650F9F771DCDE024005700A2 /* DiscoverTests.swift */ = {isa = PBXFileReference; lastKnownFileType = sourcecode.swift; path = DiscoverTests.swift; sourceTree = "<group>"; };
		650F9F791DCDE024005700A2 /* Info.plist */ = {isa = PBXFileReference; lastKnownFileType = text.plist.xml; path = Info.plist; sourceTree = "<group>"; };
		650F9F7E1DCDE024005700A2 /* DiscoverUITests.xctest */ = {isa = PBXFileReference; explicitFileType = wrapper.cfbundle; includeInIndex = 0; path = DiscoverUITests.xctest; sourceTree = BUILT_PRODUCTS_DIR; };
		650F9F821DCDE024005700A2 /* DiscoverUITests.swift */ = {isa = PBXFileReference; lastKnownFileType = sourcecode.swift; path = DiscoverUITests.swift; sourceTree = "<group>"; };
		650F9F841DCDE024005700A2 /* Info.plist */ = {isa = PBXFileReference; lastKnownFileType = text.plist.xml; path = Info.plist; sourceTree = "<group>"; };
/* End PBXFileReference section */

/* Begin PBXFrameworksBuildPhase section */
		650F9F5C1DCDE023005700A2 /* Frameworks */ = {
			isa = PBXFrameworksBuildPhase;
			buildActionMask = 2147483647;
			files = (
			);
			runOnlyForDeploymentPostprocessing = 0;
		};
		650F9F701DCDE024005700A2 /* Frameworks */ = {
			isa = PBXFrameworksBuildPhase;
			buildActionMask = 2147483647;
			files = (
			);
			runOnlyForDeploymentPostprocessing = 0;
		};
		650F9F7B1DCDE024005700A2 /* Frameworks */ = {
			isa = PBXFrameworksBuildPhase;
			buildActionMask = 2147483647;
			files = (
			);
			runOnlyForDeploymentPostprocessing = 0;
		};
/* End PBXFrameworksBuildPhase section */

/* Begin PBXGroup section */
		650F9F561DCDE023005700A2 = {
			isa = PBXGroup;
			children = (
				650F9F611DCDE023005700A2 /* Discover */,
				650F9F761DCDE024005700A2 /* DiscoverTests */,
				650F9F811DCDE024005700A2 /* DiscoverUITests */,
				650F9F601DCDE023005700A2 /* Products */,
			);
			sourceTree = "<group>";
		};
		650F9F601DCDE023005700A2 /* Products */ = {
			isa = PBXGroup;
			children = (
				650F9F5F1DCDE023005700A2 /* Discover.app */,
				650F9F731DCDE024005700A2 /* DiscoverTests.xctest */,
				650F9F7E1DCDE024005700A2 /* DiscoverUITests.xctest */,
			);
			name = Products;
			sourceTree = "<group>";
		};
		650F9F611DCDE023005700A2 /* Discover */ = {
			isa = PBXGroup;
			children = (
				650F9F621DCDE023005700A2 /* AppDelegate.swift */,
				650F9F641DCDE023005700A2 /* ViewController.swift */,
				650F9F661DCDE023005700A2 /* Main.storyboard */,
				650F9F691DCDE023005700A2 /* Assets.xcassets */,
				650F9F6B1DCDE024005700A2 /* LaunchScreen.storyboard */,
				650F9F6E1DCDE024005700A2 /* Info.plist */,
			);
			path = Discover;
			sourceTree = "<group>";
		};
		650F9F761DCDE024005700A2 /* DiscoverTests */ = {
			isa = PBXGroup;
			children = (
				650F9F771DCDE024005700A2 /* DiscoverTests.swift */,
				650F9F791DCDE024005700A2 /* Info.plist */,
			);
			path = DiscoverTests;
			sourceTree = "<group>";
		};
		650F9F811DCDE024005700A2 /* DiscoverUITests */ = {
			isa = PBXGroup;
			children = (
				650F9F821DCDE024005700A2 /* DiscoverUITests.swift */,
				650F9F841DCDE024005700A2 /* Info.plist */,
			);
			path = DiscoverUITests;
			sourceTree = "<group>";
		};
/* End PBXGroup section */

/* Begin PBXNativeTarget section */
		650F9F5E1DCDE023005700A2 /* Discover */ = {
			isa = PBXNativeTarget;
			buildConfigurationList = 650F9F871DCDE024005700A2 /* Build configuration list for PBXNativeTarget "Discover" */;
			buildPhases = (
				650F9F5B1DCDE023005700A2 /* Sources */,
				650F9F5C1DCDE023005700A2 /* Frameworks */,
				650F9F5D1DCDE023005700A2 /* Resources */,
			);
			buildRules = (
			);
			dependencies = (
			);
			name = Discover;
			productName = Discover;
			productReference = 650F9F5F1DCDE023005700A2 /* Discover.app */;
			productType = "com.apple.product-type.application";
		};
		650F9F721DCDE024005700A2 /* DiscoverTests */ = {
			isa = PBXNativeTarget;
			buildConfigurationList = 650F9F8A1DCDE024005700A2 /* Build configuration list for PBXNativeTarget "DiscoverTests" */;
			buildPhases = (
				650F9F6F1DCDE024005700A2 /* Sources */,
				650F9F701DCDE024005700A2 /* Frameworks */,
				650F9F711DCDE024005700A2 /* Resources */,
			);
			buildRules = (
			);
			dependencies = (
				650F9F751DCDE024005700A2 /* PBXTargetDependency */,
			);
			name = DiscoverTests;
			productName = DiscoverTests;
			productReference = 650F9F731DCDE024005700A2 /* DiscoverTests.xctest */;
			productType = "com.apple.product-type.bundle.unit-test";
		};
		650F9F7D1DCDE024005700A2 /* DiscoverUITests */ = {
			isa = PBXNativeTarget;
			buildConfigurationList = 650F9F8D1DCDE024005700A2 /* Build configuration list for PBXNativeTarget "DiscoverUITests" */;
			buildPhases = (
				650F9F7A1DCDE024005700A2 /* Sources */,
				650F9F7B1DCDE024005700A2 /* Frameworks */,
				650F9F7C1DCDE024005700A2 /* Resources */,
			);
			buildRules = (
			);
			dependencies = (
				650F9F801DCDE024005700A2 /* PBXTargetDependency */,
			);
			name = DiscoverUITests;
			productName = DiscoverUITests;
			productReference = 650F9F7E1DCDE024005700A2 /* DiscoverUITests.xctest */;
			productType = "com.apple.product-type.bundle.ui-testing";
		};
/* End PBXNativeTarget section */

/* Begin PBXProject section */
		650F9F571DCDE023005700A2 /* Project object */ = {
			isa = PBXProject;
			attributes = {
				LastSwiftUpdateCheck = 0810;
				LastUpgradeCheck = 0810;
				ORGANIZATIONNAME = Sowndharya;
				TargetAttributes = {
					650F9F5E1DCDE023005700A2 = {
						CreatedOnToolsVersion = 8.1;
						ProvisioningStyle = Automatic;
					};
					650F9F721DCDE024005700A2 = {
						CreatedOnToolsVersion = 8.1;
						ProvisioningStyle = Automatic;
						TestTargetID = 650F9F5E1DCDE023005700A2;
					};
					650F9F7D1DCDE024005700A2 = {
						CreatedOnToolsVersion = 8.1;
						ProvisioningStyle = Automatic;
						TestTargetID = 650F9F5E1DCDE023005700A2;
					};
				};
			};
			buildConfigurationList = 650F9F5A1DCDE023005700A2 /* Build configuration list for PBXProject "Discover" */;
			compatibilityVersion = "Xcode 3.2";
			developmentRegion = English;
			hasScannedForEncodings = 0;
			knownRegions = (
				en,
				Base,
			);
			mainGroup = 650F9F561DCDE023005700A2;
			productRefGroup = 650F9F601DCDE023005700A2 /* Products */;
			projectDirPath = "";
			projectRoot = "";
			targets = (
				650F9F5E1DCDE023005700A2 /* Discover */,
				650F9F721DCDE024005700A2 /* DiscoverTests */,
				650F9F7D1DCDE024005700A2 /* DiscoverUITests */,
			);
		};
/* End PBXProject section */

/* Begin PBXResourcesBuildPhase section */
		650F9F5D1DCDE023005700A2 /* Resources */ = {
			isa = PBXResourcesBuildPhase;
			buildActionMask = 2147483647;
			files = (
				650F9F6D1DCDE024005700A2 /* LaunchScreen.storyboard in Resources */,
				650F9F6A1DCDE023005700A2 /* Assets.xcassets in Resources */,
				650F9F681DCDE023005700A2 /* Main.storyboard in Resources */,
			);
			runOnlyForDeploymentPostprocessing = 0;
		};
		650F9F711DCDE024005700A2 /* Resources */ = {
			isa = PBXResourcesBuildPhase;
			buildActionMask = 2147483647;
			files = (
			);
			runOnlyForDeploymentPostprocessing = 0;
		};
		650F9F7C1DCDE024005700A2 /* Resources */ = {
			isa = PBXResourcesBuildPhase;
			buildActionMask = 2147483647;
			files = (
			);
			runOnlyForDeploymentPostprocessing = 0;
		};
/* End PBXResourcesBuildPhase section */

/* Begin PBXSourcesBuildPhase section */
		650F9F5B1DCDE023005700A2 /* Sources */ = {
			isa = PBXSourcesBuildPhase;
			buildActionMask = 2147483647;
			files = (
				650F9F651DCDE023005700A2 /* ViewController.swift in Sources */,
				650F9F631DCDE023005700A2 /* AppDelegate.swift in Sources */,
			);
			runOnlyForDeploymentPostprocessing = 0;
		};
		650F9F6F1DCDE024005700A2 /* Sources */ = {
			isa = PBXSourcesBuildPhase;
			buildActionMask = 2147483647;
			files = (
				650F9F781DCDE024005700A2 /* DiscoverTests.swift in Sources */,
			);
			runOnlyForDeploymentPostprocessing = 0;
		};
		650F9F7A1DCDE024005700A2 /* Sources */ = {
			isa = PBXSourcesBuildPhase;
			buildActionMask = 2147483647;
			files = (
				650F9F831DCDE024005700A2 /* DiscoverUITests.swift in Sources */,
			);
			runOnlyForDeploymentPostprocessing = 0;
		};
/* End PBXSourcesBuildPhase section */

/* Begin PBXTargetDependency section */
		650F9F751DCDE024005700A2 /* PBXTargetDependency */ = {
			isa = PBXTargetDependency;
			target = 650F9F5E1DCDE023005700A2 /* Discover */;
			targetProxy = 650F9F741DCDE024005700A2 /* PBXContainerItemProxy */;
		};
		650F9F801DCDE024005700A2 /* PBXTargetDependency */ = {
			isa = PBXTargetDependency;
			target = 650F9F5E1DCDE023005700A2 /* Discover */;
			targetProxy = 650F9F7F1DCDE024005700A2 /* PBXContainerItemProxy */;
		};
/* End PBXTargetDependency section */

/* Begin PBXVariantGroup section */
		650F9F661DCDE023005700A2 /* Main.storyboard */ = {
			isa = PBXVariantGroup;
			children = (
				650F9F671DCDE023005700A2 /* Base */,
			);
			name = Main.storyboard;
			sourceTree = "<group>";
		};
		650F9F6B1DCDE024005700A2 /* LaunchScreen.storyboard */ = {
			isa = PBXVariantGroup;
			children = (
				650F9F6C1DCDE024005700A2 /* Base */,
			);
			name = LaunchScreen.storyboard;
			sourceTree = "<group>";
		};
/* End PBXVariantGroup section */

/* Begin XCBuildConfiguration section */
		650F9F851DCDE024005700A2 /* Debug */ = {
			isa = XCBuildConfiguration;
			buildSettings = {
				ALWAYS_SEARCH_USER_PATHS = NO;
				CLANG_ANALYZER_NONNULL = YES;
				CLANG_CXX_LANGUAGE_STANDARD = "gnu++0x";
				CLANG_CXX_LIBRARY = "libc++";
				CLANG_ENABLE_MODULES = YES;
				CLANG_ENABLE_OBJC_ARC = YES;
				CLANG_WARN_BOOL_CONVERSION = YES;
				CLANG_WARN_CONSTANT_CONVERSION = YES;
				CLANG_WARN_DIRECT_OBJC_ISA_USAGE = YES_ERROR;
				CLANG_WARN_DOCUMENTATION_COMMENTS = YES;
				CLANG_WARN_EMPTY_BODY = YES;
				CLANG_WARN_ENUM_CONVERSION = YES;
				CLANG_WARN_INFINITE_RECURSION = YES;
				CLANG_WARN_INT_CONVERSION = YES;
				CLANG_WARN_OBJC_ROOT_CLASS = YES_ERROR;
				CLANG_WARN_SUSPICIOUS_MOVES = YES;
				CLANG_WARN_UNREACHABLE_CODE = YES;
				CLANG_WARN__DUPLICATE_METHOD_MATCH = YES;
				"CODE_SIGN_IDENTITY[sdk=iphoneos*]" = "iPhone Developer";
				COPY_PHASE_STRIP = NO;
				DEBUG_INFORMATION_FORMAT = dwarf;
				ENABLE_STRICT_OBJC_MSGSEND = YES;
				ENABLE_TESTABILITY = YES;
				GCC_C_LANGUAGE_STANDARD = gnu99;
				GCC_DYNAMIC_NO_PIC = NO;
				GCC_NO_COMMON_BLOCKS = YES;
				GCC_OPTIMIZATION_LEVEL = 0;
				GCC_PREPROCESSOR_DEFINITIONS = (
					"DEBUG=1",
					"$(inherited)",
				);
				GCC_WARN_64_TO_32_BIT_CONVERSION = YES;
				GCC_WARN_ABOUT_RETURN_TYPE = YES_ERROR;
				GCC_WARN_UNDECLARED_SELECTOR = YES;
				GCC_WARN_UNINITIALIZED_AUTOS = YES_AGGRESSIVE;
				GCC_WARN_UNUSED_FUNCTION = YES;
				GCC_WARN_UNUSED_VARIABLE = YES;
				IPHONEOS_DEPLOYMENT_TARGET = 10.1;
				MTL_ENABLE_DEBUG_INFO = YES;
				ONLY_ACTIVE_ARCH = YES;
				SDKROOT = iphoneos;
				SWIFT_ACTIVE_COMPILATION_CONDITIONS = DEBUG;
				SWIFT_OPTIMIZATION_LEVEL = "-Onone";
			};
			name = Debug;
		};
		650F9F861DCDE024005700A2 /* Release */ = {
			isa = XCBuildConfiguration;
			buildSettings = {
				ALWAYS_SEARCH_USER_PATHS = NO;
				CLANG_ANALYZER_NONNULL = YES;
				CLANG_CXX_LANGUAGE_STANDARD = "gnu++0x";
				CLANG_CXX_LIBRARY = "libc++";
				CLANG_ENABLE_MODULES = YES;
				CLANG_ENABLE_OBJC_ARC = YES;
				CLANG_WARN_BOOL_CONVERSION = YES;
				CLANG_WARN_CONSTANT_CONVERSION = YES;
				CLANG_WARN_DIRECT_OBJC_ISA_USAGE = YES_ERROR;
				CLANG_WARN_DOCUMENTATION_COMMENTS = YES;
				CLANG_WARN_EMPTY_BODY = YES;
				CLANG_WARN_ENUM_CONVERSION = YES;
				CLANG_WARN_INFINITE_RECURSION = YES;
				CLANG_WARN_INT_CONVERSION = YES;
				CLANG_WARN_OBJC_ROOT_CLASS = YES_ERROR;
				CLANG_WARN_SUSPICIOUS_MOVES = YES;
				CLANG_WARN_UNREACHABLE_CODE = YES;
				CLANG_WARN__DUPLICATE_METHOD_MATCH = YES;
				"CODE_SIGN_IDENTITY[sdk=iphoneos*]" = "iPhone Developer";
				COPY_PHASE_STRIP = NO;
				DEBUG_INFORMATION_FORMAT = "dwarf-with-dsym";
				ENABLE_NS_ASSERTIONS = NO;
				ENABLE_STRICT_OBJC_MSGSEND = YES;
				GCC_C_LANGUAGE_STANDARD = gnu99;
				GCC_NO_COMMON_BLOCKS = YES;
				GCC_WARN_64_TO_32_BIT_CONVERSION = YES;
				GCC_WARN_ABOUT_RETURN_TYPE = YES_ERROR;
				GCC_WARN_UNDECLARED_SELECTOR = YES;
				GCC_WARN_UNINITIALIZED_AUTOS = YES_AGGRESSIVE;
				GCC_WARN_UNUSED_FUNCTION = YES;
				GCC_WARN_UNUSED_VARIABLE = YES;
				IPHONEOS_DEPLOYMENT_TARGET = 10.1;
				MTL_ENABLE_DEBUG_INFO = NO;
				SDKROOT = iphoneos;
				SWIFT_OPTIMIZATION_LEVEL = "-Owholemodule";
				VALIDATE_PRODUCT = YES;
			};
			name = Release;
		};
		650F9F881DCDE024005700A2 /* Debug */ = {
			isa = XCBuildConfiguration;
			buildSettings = {
				ASSETCATALOG_COMPILER_APPICON_NAME = AppIcon;
				INFOPLIST_FILE = Discover/Info.plist;
				LD_RUNPATH_SEARCH_PATHS = "$(inherited) @executable_path/Frameworks";
				PRODUCT_BUNDLE_IDENTIFIER = com.sowndharya.Discover;
				PRODUCT_NAME = "$(TARGET_NAME)";
				SWIFT_VERSION = 3.0;
			};
			name = Debug;
		};
		650F9F891DCDE024005700A2 /* Release */ = {
			isa = XCBuildConfiguration;
			buildSettings = {
				ASSETCATALOG_COMPILER_APPICON_NAME = AppIcon;
				INFOPLIST_FILE = Discover/Info.plist;
				LD_RUNPATH_SEARCH_PATHS = "$(inherited) @executable_path/Frameworks";
				PRODUCT_BUNDLE_IDENTIFIER = com.sowndharya.Discover;
				PRODUCT_NAME = "$(TARGET_NAME)";
				SWIFT_VERSION = 3.0;
			};
			name = Release;
		};
		650F9F8B1DCDE024005700A2 /* Debug */ = {
			isa = XCBuildConfiguration;
			buildSettings = {
				ALWAYS_EMBED_SWIFT_STANDARD_LIBRARIES = YES;
				BUNDLE_LOADER = "$(TEST_HOST)";
				INFOPLIST_FILE = DiscoverTests/Info.plist;
				LD_RUNPATH_SEARCH_PATHS = "$(inherited) @executable_path/Frameworks @loader_path/Frameworks";
				PRODUCT_BUNDLE_IDENTIFIER = com.sowndharya.DiscoverTests;
				PRODUCT_NAME = "$(TARGET_NAME)";
				SWIFT_VERSION = 3.0;
				TEST_HOST = "$(BUILT_PRODUCTS_DIR)/Discover.app/Discover";
			};
			name = Debug;
		};
		650F9F8C1DCDE024005700A2 /* Release */ = {
			isa = XCBuildConfiguration;
			buildSettings = {
				ALWAYS_EMBED_SWIFT_STANDARD_LIBRARIES = YES;
				BUNDLE_LOADER = "$(TEST_HOST)";
				INFOPLIST_FILE = DiscoverTests/Info.plist;
				LD_RUNPATH_SEARCH_PATHS = "$(inherited) @executable_path/Frameworks @loader_path/Frameworks";
				PRODUCT_BUNDLE_IDENTIFIER = com.sowndharya.DiscoverTests;
				PRODUCT_NAME = "$(TARGET_NAME)";
				SWIFT_VERSION = 3.0;
				TEST_HOST = "$(BUILT_PRODUCTS_DIR)/Discover.app/Discover";
			};
			name = Release;
		};
		650F9F8E1DCDE024005700A2 /* Debug */ = {
			isa = XCBuildConfiguration;
			buildSettings = {
				ALWAYS_EMBED_SWIFT_STANDARD_LIBRARIES = YES;
				INFOPLIST_FILE = DiscoverUITests/Info.plist;
				LD_RUNPATH_SEARCH_PATHS = "$(inherited) @executable_path/Frameworks @loader_path/Frameworks";
				PRODUCT_BUNDLE_IDENTIFIER = com.sowndharya.DiscoverUITests;
				PRODUCT_NAME = "$(TARGET_NAME)";
				SWIFT_VERSION = 3.0;
				TEST_TARGET_NAME = Discover;
			};
			name = Debug;
		};
		650F9F8F1DCDE024005700A2 /* Release */ = {
			isa = XCBuildConfiguration;
			buildSettings = {
				ALWAYS_EMBED_SWIFT_STANDARD_LIBRARIES = YES;
				INFOPLIST_FILE = DiscoverUITests/Info.plist;
				LD_RUNPATH_SEARCH_PATHS = "$(inherited) @executable_path/Frameworks @loader_path/Frameworks";
				PRODUCT_BUNDLE_IDENTIFIER = com.sowndharya.DiscoverUITests;
				PRODUCT_NAME = "$(TARGET_NAME)";
				SWIFT_VERSION = 3.0;
				TEST_TARGET_NAME = Discover;
			};
			name = Release;
		};
/* End XCBuildConfiguration section */

/* Begin XCConfigurationList section */
		650F9F5A1DCDE023005700A2 /* Build configuration list for PBXProject "Discover" */ = {
			isa = XCConfigurationList;
			buildConfigurations = (
				650F9F851DCDE024005700A2 /* Debug */,
				650F9F861DCDE024005700A2 /* Release */,
			);
			defaultConfigurationIsVisible = 0;
			defaultConfigurationName = Release;
		};
		650F9F871DCDE024005700A2 /* Build configuration list for PBXNativeTarget "Discover" */ = {
			isa = XCConfigurationList;
			buildConfigurations = (
				650F9F881DCDE024005700A2 /* Debug */,
				650F9F891DCDE024005700A2 /* Release */,
			);
			defaultConfigurationIsVisible = 0;
		};
		650F9F8A1DCDE024005700A2 /* Build configuration list for PBXNativeTarget "DiscoverTests" */ = {
			isa = XCConfigurationList;
			buildConfigurations = (
				650F9F8B1DCDE024005700A2 /* Debug */,
				650F9F8C1DCDE024005700A2 /* Release */,
			);
			defaultConfigurationIsVisible = 0;
		};
		650F9F8D1DCDE024005700A2 /* Build configuration list for PBXNativeTarget "DiscoverUITests" */ = {
			isa = XCConfigurationList;
			buildConfigurations = (
				650F9F8E1DCDE024005700A2 /* Debug */,
				650F9F8F1DCDE024005700A2 /* Release */,
			);
			defaultConfigurationIsVisible = 0;
		};
/* End XCConfigurationList section */
	};
	rootObject = 650F9F571DCDE023005700A2 /* Project object */;
}
